
Microsoft Visual Studio Solution File, Format Version 12.00
# Visual Studio Version 17
VisualStudioVersion = 17.11.35208.52
MinimumVisualStudioVersion = 10.0.40219.1
Project("{FAE04EC0-301F-11D3-BF4B-00C04F79EFBC}") = "Lab6", "Lab6\Lab6.csproj", "{980487EE-6362-4D60-81A6-92FACCF4731E}"
EndProject
Global
	GlobalSection(SolutionConfigurationPlatforms) = preSolution
		Debug|Any CPU = Debug|Any CPU
		Release|Any CPU = Release|Any CPU
	EndGlobalSection
	GlobalSection(ProjectConfigurationPlatforms) = postSolution
		{980487EE-6362-4D60-81A6-92FACCF4731E}.Debug|Any CPU.ActiveCfg = Debug|Any CPU
		{980487EE-6362-4D60-81A6-92FACCF4731E}.Debug|Any CPU.Build.0 = Debug|Any CPU
		{980487EE-6362-4D60-81A6-92FACCF4731E}.Release|Any CPU.ActiveCfg = Release|Any CPU
		{980487EE-6362-4D60-81A6-92FACCF4731E}.Release|Any CPU.Build.0 = Release|Any CPU
	EndGlobalSection
	GlobalSection(SolutionProperties) = preSolution
		HideSolutionNode = FALSE
	EndGlobalSection
	GlobalSection(ExtensibilityGlobals) = postSolution
		SolutionGuid = {1EF0CD81-E958-4C03-8D82-9893ED7D7BDA}
	EndGlobalSection
EndGlobal
